
Microsoft Visual Studio Solution File, Format Version 12.00
# Visual Studio 15
Project("{FAE04EC0-301F-11D3-BF4B-00C04F79EFBC}") = "Assembly-CSharp", "Assembly-CSharp.csproj", "{7558A83D-082F-0C39-1FB3-9AB72B6006A1}"
EndProject
Project("{FAE04EC0-301F-11D3-BF4B-00C04F79EFBC}") = "Assembly-CSharp-Editor", "Assembly-CSharp-Editor.csproj", "{7934E734-1D8A-1E87-B2C7-F877B37C9B47}"
EndProject
Project("{FAE04EC0-301F-11D3-BF4B-00C04F79EFBC}") = "Unity.XR.Interaction.Toolkit.Samples.DeviceSimulator", "Unity.XR.Interaction.Toolkit.Samples.DeviceSimulator.csproj", "{1B9B823C-E475-EC12-4201-B53989E9195E}"
EndProject
Global
	GlobalSection(SolutionConfigurationPlatforms) = preSolution
		Debug|Any CPU = Debug|Any CPU
		Release|Any CPU = Release|Any CPU
	EndGlobalSection
	GlobalSection(ProjectConfigurationPlatforms) = postSolution
		{7558A83D-082F-0C39-1FB3-9AB72B6006A1}.Debug|Any CPU.ActiveCfg = Debug|Any CPU
		{7558A83D-082F-0C39-1FB3-9AB72B6006A1}.Debug|Any CPU.Build.0 = Debug|Any CPU
		{7558A83D-082F-0C39-1FB3-9AB72B6006A1}.Release|Any CPU.ActiveCfg = Release|Any CPU
		{7558A83D-082F-0C39-1FB3-9AB72B6006A1}.Release|Any CPU.Build.0 = Release|Any CPU
		{7934E734-1D8A-1E87-B2C7-F877B37C9B47}.Debug|Any CPU.ActiveCfg = Debug|Any CPU
		{7934E734-1D8A-1E87-B2C7-F877B37C9B47}.Debug|Any CPU.Build.0 = Debug|Any CPU
		{7934E734-1D8A-1E87-B2C7-F877B37C9B47}.Release|Any CPU.ActiveCfg = Release|Any CPU
		{7934E734-1D8A-1E87-B2C7-F877B37C9B47}.Release|Any CPU.Build.0 = Release|Any CPU
		{1B9B823C-E475-EC12-4201-B53989E9195E}.Debug|Any CPU.ActiveCfg = Debug|Any CPU
		{1B9B823C-E475-EC12-4201-B53989E9195E}.Debug|Any CPU.Build.0 = Debug|Any CPU
		{1B9B823C-E475-EC12-4201-B53989E9195E}.Release|Any CPU.ActiveCfg = Release|Any CPU
		{1B9B823C-E475-EC12-4201-B53989E9195E}.Release|Any CPU.Build.0 = Release|Any CPU
	EndGlobalSection
	GlobalSection(SolutionProperties) = preSolution
		HideSolutionNode = FALSE
	EndGlobalSection
EndGlobal
