
Microsoft Visual Studio Solution File, Format Version 12.00
# Visual Studio 15
Project("{FAE04EC0-301F-11D3-BF4B-00C04F79EFBC}") = "Assembly-CSharp", "Assembly-CSharp.csproj", "{D7205988-B596-1C3E-DFF7-BF00A5B89EE1}"
EndProject
Project("{FAE04EC0-301F-11D3-BF4B-00C04F79EFBC}") = "Assembly-CSharp-Editor", "Assembly-CSharp-Editor.csproj", "{BFF70980-F283-00A7-8B6F-15D71708DDED}"
EndProject
Project("{FAE04EC0-301F-11D3-BF4B-00C04F79EFBC}") = "Unity.XR.Interaction.Toolkit.Samples.DeviceSimulator", "Unity.XR.Interaction.Toolkit.Samples.DeviceSimulator.csproj", "{1681D1A9-B2E4-25E3-1654-A4045694B757}"
EndProject
Global
	GlobalSection(SolutionConfigurationPlatforms) = preSolution
		Debug|Any CPU = Debug|Any CPU
		Release|Any CPU = Release|Any CPU
	EndGlobalSection
	GlobalSection(ProjectConfigurationPlatforms) = postSolution
		{D7205988-B596-1C3E-DFF7-BF00A5B89EE1}.Debug|Any CPU.ActiveCfg = Debug|Any CPU
		{D7205988-B596-1C3E-DFF7-BF00A5B89EE1}.Debug|Any CPU.Build.0 = Debug|Any CPU
		{D7205988-B596-1C3E-DFF7-BF00A5B89EE1}.Release|Any CPU.ActiveCfg = Release|Any CPU
		{D7205988-B596-1C3E-DFF7-BF00A5B89EE1}.Release|Any CPU.Build.0 = Release|Any CPU
		{BFF70980-F283-00A7-8B6F-15D71708DDED}.Debug|Any CPU.ActiveCfg = Debug|Any CPU
		{BFF70980-F283-00A7-8B6F-15D71708DDED}.Debug|Any CPU.Build.0 = Debug|Any CPU
		{BFF70980-F283-00A7-8B6F-15D71708DDED}.Release|Any CPU.ActiveCfg = Release|Any CPU
		{BFF70980-F283-00A7-8B6F-15D71708DDED}.Release|Any CPU.Build.0 = Release|Any CPU
		{1681D1A9-B2E4-25E3-1654-A4045694B757}.Debug|Any CPU.ActiveCfg = Debug|Any CPU
		{1681D1A9-B2E4-25E3-1654-A4045694B757}.Debug|Any CPU.Build.0 = Debug|Any CPU
		{1681D1A9-B2E4-25E3-1654-A4045694B757}.Release|Any CPU.ActiveCfg = Release|Any CPU
		{1681D1A9-B2E4-25E3-1654-A4045694B757}.Release|Any CPU.Build.0 = Release|Any CPU
	EndGlobalSection
	GlobalSection(SolutionProperties) = preSolution
		HideSolutionNode = FALSE
	EndGlobalSection
EndGlobal
